FORGE
  remote: https://forgeapi.puppetlabs.com
  specs:
    puppet-zypprepo (3.1.0)
      puppetlabs-concat (>= 1.2.5, < 7.0.0)
      puppetlabs-stdlib (>= 4.18.0, < 7.0.0)
    puppetlabs-apt (4.5.1)
      puppetlabs-stdlib (< 5.0.0, >= 4.16.0)
    puppetlabs-concat (6.4.0)
      puppetlabs-stdlib (>= 4.13.1, < 7.0.0)
      puppetlabs-translate (>= 1.0.0, < 3.0.0)
    puppetlabs-stdlib (4.25.1)
    puppetlabs-translate (2.2.0)
    puppetlabs-yumrepo_core (1.0.6)
    saz-sudo (6.0.0)
      puppetlabs-stdlib (< 7.0.0, >= 2.6.0)

DEPENDENCIES
  puppet-zypprepo (= 3.1.0)
  puppetlabs-apt (= 4.5.1)
  puppetlabs-stdlib (= 4.25.1)
  puppetlabs-yumrepo_core (= 1.0.6)
  saz-sudo (= 6.0.0)

